github.com/Zyko0/go-sdl3 v0.1.1 h1:tXlnEcEJa9eqyzaBpCktOGteJGbUfnvG6ocURdsspHw=
github.com/Zyko0/go-sdl3 v0.1.1/go.mod h1:LOqUd6DUUkCO/8quWPfovV1Ep/nr/aw0uBT5vdlAIQY=
github.com/Zyko0/purego-gen v0.0.0-20250727121216-3bcd331a1e0c h1:3z1BdpfvUbaP7oXjPabl7STN7zz88S432hZJ8M095kI=
github.com/Zyko0/purego-gen v0.0.0-20250727121216-3bcd331a1e0c/go.mod h1:xpUxPkAb7v0Ffn/NGp1XpD+tZly4dpSPI7DTAFT37es=
github.com/ebitengine/purego v0.10.0 h1:QIw4xfpWT6GWTzaW5XEKy3HXoqrJGx1ijYHzTF0/ISU=
github.com/ebitengine/purego v0.10.0/go.mod h1:iIjxzd6CiRiOG0UyXP+V1+jWqUXVjPKLAI0mRfJZTmQ=
github.com/go-text/render v0.2.1 h1:qwHhxqGUjjg4L0XyJWj7M7bpY75NZM+kBpv2Yfw5mcg=
github.com/go-text/render v0.2.1/go.mod h1:HCCAq8MUlm/WRcXshBb4K/n+IkjeXQ1c2Ba+yICSm0A=
github.com/go-text/typesetting v0.3.4 h1:YYurUOtEb9kGSOz4uE3k4OpBGsp1dDL8+fjCeaFamAU=
github.com/go-text/typesetting v0.3.4/go.mod h1:4qZCQphq4KSgGTAeI0uMEkVbROgfah8BuyF5LRYr7XY=
github.com/go-text/typesetting-utils v0.0.0-20260223113751-2d88ac90dae3 h1:drBZzMgdYPbmyXqOto4YhhJGrFIQCX94FpR4MzTCsos=
github.com/go-text/typesetting-utils v0.0.0-20260223113751-2d88ac90dae3/go.mod h1:3/62I4La/HBRX9TcTpBj4eipLiwzf+vhI+7whTc9V7o=
github.com/go-webgpu/goffi v0.6.2 h1:xuMaUbqsNQ/xiyy5UwAKZb5vQZUDg9QRCrJIpHJaXSE=
github.com/go-webgpu/goffi v0.6.2/go.mod h1:wfoxNsJkU+5RFbV1kNN1kunhc1lFHuJKK3zpgx08/uM=
github.com/go-webgpu/webgpu v0.5.4 h1:4Tjcq3T2Zz81iOrxDfs7qcdWG45WZUFTvjhvtVc4/V4=
github.com/go-webgpu/webgpu v0.5.4/go.mod h1:iUdgoB4ISDyXvozQ7E4oiudvNZTB8ol1NngUWmdZGqQ=
github.com/gogpu/gpucontext v0.24.0 h1:YQ0FxGqXEO8LQB+6/TOqZOV1fn0mO9UDYR0obSU3R6o=
github.com/gogpu/gpucontext v0.24.0/go.mod h1:OrT137boh5yPhqBEhF4UQKIOu1Jq74SLQzYa/m6JbNo=
github.com/gogpu/gputypes v0.5.1 h1:X38OPcP6umQqqubzzJYL6Nm1tXHSNQj6TRSAoxdAJmg=
github.com/gogpu/gputypes v0.5.1/go.mod h1:cnXrDMwTpWTvJLW1Vreop3PcT6a2YP/i3s91rPaOavw=
github.com/gogpu/naga v0.17.16 h1:SaDkx2laBNg1+nM25X91F7vopLalbI+MGn8diM9YB9Y=
github.com/gogpu/naga v0.17.16/go.mod h1:15sQaHKkbqXcwTN+hHYGLsA0WBBnkmYzne/eF5p5WEg=
github.com/gogpu/wgpu v0.30.32 h1:8TMX42EaVVEn4TN4OnbyVp9S4g7a+oMZBgeFFcSeRrY=
github.com/gogpu/wgpu v0.30.32/go.mod h1:8EAEFC6oX/hx78+PwTSt20vKEQ+MpINdr4Xr3uEL/J4=
github.com/phroun/argwild v0.0.1 h1:fuPz2nw3G1j4Jd8+6oqq6Icbs1qLCDIVrSwDxBeiFMw=
github.com/phroun/argwild v0.0.1/go.mod h1:bWr6chqXHw2CEMUoMMwHK6vRn02jCvv1lEpJugW+/6E=
github.com/phroun/direct-key-handler v0.3.38 h1:IsxJQUbHjF2mv7QjpSzTVMvR+HXme57NGcwJon9EWWA=
github.com/phroun/direct-key-handler v0.3.38/go.mod h1:CWjFowE+EYo5s/OtQas+dE/QDKvm+UL+cnXoCxjnHns=
github.com/phroun/key-sequence-processor v0.1.11 h1:M1vI3FlxcF9sxfeitRlJSFyLzYcvqU0R8mqu7KaDzYk=
github.com/phroun/key-sequence-processor v0.1.11/go.mod h1:8UjN3+5vhWmbl+a4ydIX55XoriB4CScWh9T6s97xYxc=
github.com/phroun/khatool v0.1.1 h1:+0K212+2IauDvrFuqMKo6DVejEs4aMsun0k+qJ6Jmb0=
github.com/phroun/khatool v0.1.1/go.mod h1:odkX/gW9WkGgGhT/G+gBrZ4FkBK3WElHBxbEhdsnKds=
github.com/phroun/pawscript v0.2.12-alpha h1:8uCXzv7vrWb090DLo0FlZQRZ5TLL648Nz52apsqj8Ig=
github.com/phroun/pawscript v0.2.12-alpha/go.mod h1:HrX9YJOxfwG8Q6NXjxsDmDmfQPsIrkrOcK1ps94h87s=
github.com/phroun/purfecterm v0.2.55 h1:0BiXrjD/WJUEGepdOD+RTKt1O3gmYXolevYPlHj4z7g=
github.com/phroun/purfecterm v0.2.55/go.mod h1:h73M3We0YKjCYQAUCqQx+Y5zwj2TBV89yo9GD55CGwI=
github.com/srwiley/oksvg v0.0.0-20221011165216-be6e8873101c h1:km8GpoQut05eY3GiYWEedbTT0qnSxrCjsVbb7yKY1KE=
github.com/srwiley/oksvg v0.0.0-20221011165216-be6e8873101c/go.mod h1:cNQ3dwVJtS5Hmnjxy6AgTPd0Inb3pW05ftPSX7NZO7Q=
github.com/srwiley/rasterx v0.0.0-20220730225603-2ab79fcdd4ef h1:Ch6Q+AZUxDBCVqdkI8FSpFyZDtCVBc2VmejdNrm5rRQ=
github.com/srwiley/rasterx v0.0.0-20220730225603-2ab79fcdd4ef/go.mod h1:nXTWP6+gD5+LUJ8krVhhoeHjvHTutPxMYl5SvkcnJNE=
golang.org/x/image v0.45.0 h1:FMb1nTbH5H9vF55SriQHgFw5GnNL9Jg6L25BwXKzhB0=
golang.org/x/image v0.45.0/go.mod h1:n62x/7RqlwXDvGsSU4u6IUTUf6KghUZ9Bt7cG/T9Fx4=
golang.org/x/net v0.57.0 h1:K5+3DljvIuDG9/Jv9rvyMywYNFCQ9RSUY6OOTTkT+tE=
golang.org/x/net v0.57.0/go.mod h1:KpXc8iv+r3XplLAG/f7Jsf9RPszJzdR0f58q9vGOuEU=
golang.org/x/sys v0.47.0 h1:o7XGOvZQCADBQQ4Y7VNq2dRWQR7JmOUW8Kxx4ZsNgWs=
golang.org/x/sys v0.47.0/go.mod h1:4GL1E5IUh+htKOUEOaiffhrAeqysfVGipDYzABqnCmw=
golang.org/x/term v0.45.0 h1:NwWyBmoJCbfTHpxrWoZ9C6/VxOf7ic219I8xZZFdrf0=
golang.org/x/term v0.45.0/go.mod h1:9aqxs0blBcrm/n0L9QW0aRVD+ktan8ssZromtqJC43w=
golang.org/x/text v0.41.0 h1:vz/seA0lnX87Othu2f/0L24RcgrXD9/YFTSuGjj3rH8=
golang.org/x/text v0.41.0/go.mod h1:jvf1O8ajNzZqhSrQBPbutR/EB83Cc0CFrezNQIwbb5M=
